
Microsoft Visual Studio Solution File, Format Version 12.00
# Visual Studio Version 16
VisualStudioVersion = 16.0.29613.14
MinimumVisualStudioVersion = 10.0.40219.1
Project("{FAE04EC0-301F-11D3-BF4B-00C04F79EFBC}") = "91APP_Test", "91APP_Test\91APP_Test.csproj", "{A379E609-0800-40FE-905A-2BBA73B4FCF2}"
EndProject
Project("{FAE04EC0-301F-11D3-BF4B-00C04F79EFBC}") = "91APP_DB", "91APP_DB\91APP_DB.csproj", "{383C7386-6145-4470-94F6-FD6C80FD7892}"
EndProject
Project("{FAE04EC0-301F-11D3-BF4B-00C04F79EFBC}") = "91APP_ViewModel", "91APP_ViewModel\91APP_ViewModel.csproj", "{52C71736-6736-4638-96B8-C2FFCBF1FD24}"
EndProject
Global
	GlobalSection(SolutionConfigurationPlatforms) = preSolution
		Debug|Any CPU = Debug|Any CPU
		Release|Any CPU = Release|Any CPU
	EndGlobalSection
	GlobalSection(ProjectConfigurationPlatforms) = postSolution
		{A379E609-0800-40FE-905A-2BBA73B4FCF2}.Debug|Any CPU.ActiveCfg = Debug|Any CPU
		{A379E609-0800-40FE-905A-2BBA73B4FCF2}.Debug|Any CPU.Build.0 = Debug|Any CPU
		{A379E609-0800-40FE-905A-2BBA73B4FCF2}.Release|Any CPU.ActiveCfg = Release|Any CPU
		{A379E609-0800-40FE-905A-2BBA73B4FCF2}.Release|Any CPU.Build.0 = Release|Any CPU
		{383C7386-6145-4470-94F6-FD6C80FD7892}.Debug|Any CPU.ActiveCfg = Debug|Any CPU
		{383C7386-6145-4470-94F6-FD6C80FD7892}.Debug|Any CPU.Build.0 = Debug|Any CPU
		{383C7386-6145-4470-94F6-FD6C80FD7892}.Release|Any CPU.ActiveCfg = Release|Any CPU
		{383C7386-6145-4470-94F6-FD6C80FD7892}.Release|Any CPU.Build.0 = Release|Any CPU
		{52C71736-6736-4638-96B8-C2FFCBF1FD24}.Debug|Any CPU.ActiveCfg = Debug|Any CPU
		{52C71736-6736-4638-96B8-C2FFCBF1FD24}.Debug|Any CPU.Build.0 = Debug|Any CPU
		{52C71736-6736-4638-96B8-C2FFCBF1FD24}.Release|Any CPU.ActiveCfg = Release|Any CPU
		{52C71736-6736-4638-96B8-C2FFCBF1FD24}.Release|Any CPU.Build.0 = Release|Any CPU
	EndGlobalSection
	GlobalSection(SolutionProperties) = preSolution
		HideSolutionNode = FALSE
	EndGlobalSection
	GlobalSection(ExtensibilityGlobals) = postSolution
		SolutionGuid = {0B6147B5-20CA-4E37-AB4B-A995E3F9A852}
	EndGlobalSection
EndGlobal
